
Microsoft Visual Studio Solution File, Format Version 12.00
# Visual Studio 15
VisualStudioVersion = 15.0.28307.572
MinimumVisualStudioVersion = 10.0.40219.1
Project("{FAE04EC0-301F-11D3-BF4B-00C04F79EFBC}") = "BitcoinWallet(beta1.0)", "BitcoinWallet(beta1.0)\BitcoinWallet(beta1.0).csproj", "{D520536B-FAE5-4A7E-8A04-BD3B64C17C2A}"
EndProject
Project("{FAE04EC0-301F-11D3-BF4B-00C04F79EFBC}") = "BitcoinWalletTests", "BitcoinWalletTests\BitcoinWalletTests.csproj", "{0B39FFA5-C6D8-4F54-B824-E7BBC0CFAB82}"
EndProject
Global
	GlobalSection(SolutionConfigurationPlatforms) = preSolution
		Debug|Any CPU = Debug|Any CPU
		Release|Any CPU = Release|Any CPU
	EndGlobalSection
	GlobalSection(ProjectConfigurationPlatforms) = postSolution
		{D520536B-FAE5-4A7E-8A04-BD3B64C17C2A}.Debug|Any CPU.ActiveCfg = Debug|Any CPU
		{D520536B-FAE5-4A7E-8A04-BD3B64C17C2A}.Debug|Any CPU.Build.0 = Debug|Any CPU
		{D520536B-FAE5-4A7E-8A04-BD3B64C17C2A}.Release|Any CPU.ActiveCfg = Release|Any CPU
		{D520536B-FAE5-4A7E-8A04-BD3B64C17C2A}.Release|Any CPU.Build.0 = Release|Any CPU
		{0B39FFA5-C6D8-4F54-B824-E7BBC0CFAB82}.Debug|Any CPU.ActiveCfg = Debug|Any CPU
		{0B39FFA5-C6D8-4F54-B824-E7BBC0CFAB82}.Debug|Any CPU.Build.0 = Debug|Any CPU
		{0B39FFA5-C6D8-4F54-B824-E7BBC0CFAB82}.Release|Any CPU.ActiveCfg = Release|Any CPU
		{0B39FFA5-C6D8-4F54-B824-E7BBC0CFAB82}.Release|Any CPU.Build.0 = Release|Any CPU
	EndGlobalSection
	GlobalSection(SolutionProperties) = preSolution
		HideSolutionNode = FALSE
	EndGlobalSection
	GlobalSection(ExtensibilityGlobals) = postSolution
		SolutionGuid = {88EC7AB9-ECD4-4FD1-8731-83A3374D5C86}
	EndGlobalSection
EndGlobal
